// !$*UTF8*$!
{
	archiveVersion = 1;
	classes = {
	};
	objectVersion = 46;
	objects = {

/* Begin PBXBuildFile section */
		6110ED3616DF5883008BA70C /* MMCGPathView.m in Sources */ = {isa = PBXBuildFile; fileRef = 6110ED3516DF5883008BA70C /* MMCGPathView.m */; };
		6110ED3A16E4D12A008BA70C /* MMCGPathShapeView.m in Sources */ = {isa = PBXBuildFile; fileRef = 6110ED3916E4D12A008BA70C /* MMCGPathShapeView.m */; };
		6110ED3D16E64234008BA70C /* MMCGPatternView.m in Sources */ = {isa = PBXBuildFile; fileRef = 6110ED3C16E64234008BA70C /* MMCGPatternView.m */; };
		6110ED4016E751C7008BA70C /* MMCGShadowView.m in Sources */ = {isa = PBXBuildFile; fileRef = 6110ED3F16E751C6008BA70C /* MMCGShadowView.m */; };
		6110ED4316E77129008BA70C /* MMCGGradients.m in Sources */ = {isa = PBXBuildFile; fileRef = 6110ED4216E77128008BA70C /* MMCGGradients.m */; };
		6110ED4616E8A29A008BA70C /* MMCGShading.m in Sources */ = {isa = PBXBuildFile; fileRef = 6110ED4516E8A298008BA70C /* MMCGShading.m */; };
		61764C3B16D4B700000688A1 /* MMDetailViewController.m in Sources */ = {isa = PBXBuildFile; fileRef = 61764C3916D4B700000688A1 /* MMDetailViewController.m */; };
		61764C3C16D4B700000688A1 /* MMDetailViewController.xib in Resources */ = {isa = PBXBuildFile; fileRef = 61764C3A16D4B700000688A1 /* MMDetailViewController.xib */; };
		61B2DA7716EDC0810002E223 /* MMSuperMario.m in Sources */ = {isa = PBXBuildFile; fileRef = 61B2DA7616EDC0810002E223 /* MMSuperMario.m */; };
		61BAF7EE16D6593B00D2D6C8 /* MMPathView.m in Sources */ = {isa = PBXBuildFile; fileRef = 61BAF7ED16D6593B00D2D6C8 /* MMPathView.m */; };
		61DFDDC016DCD93300182329 /* MMDrawingBoardViewController.m in Sources */ = {isa = PBXBuildFile; fileRef = 61DFDDBE16DCD93300182329 /* MMDrawingBoardViewController.m */; };
		61DFDDC116DCD93300182329 /* MMDrawingBoardViewController.xib in Resources */ = {isa = PBXBuildFile; fileRef = 61DFDDBF16DCD93300182329 /* MMDrawingBoardViewController.xib */; };
		61DFDDC516DCDF6500182329 /* MMPathShapeView.m in Sources */ = {isa = PBXBuildFile; fileRef = 61DFDDC416DCDF6500182329 /* MMPathShapeView.m */; };
		61F43D6016D38CC0008F443C /* UIKit.framework in Frameworks */ = {isa = PBXBuildFile; fileRef = 61F43D5F16D38CC0008F443C /* UIKit.framework */; };
		61F43D6216D38CC0008F443C /* Foundation.framework in Frameworks */ = {isa = PBXBuildFile; fileRef = 61F43D6116D38CC0008F443C /* Foundation.framework */; };
		61F43D6416D38CC0008F443C /* CoreGraphics.framework in Frameworks */ = {isa = PBXBuildFile; fileRef = 61F43D6316D38CC0008F443C /* CoreGraphics.framework */; };
		61F43D6A16D38CC0008F443C /* InfoPlist.strings in Resources */ = {isa = PBXBuildFile; fileRef = 61F43D6816D38CC0008F443C /* InfoPlist.strings */; };
		61F43D6C16D38CC0008F443C /* main.m in Sources */ = {isa = PBXBuildFile; fileRef = 61F43D6B16D38CC0008F443C /* main.m */; };
		61F43D7016D38CC0008F443C /* MMAppDelegate.m in Sources */ = {isa = PBXBuildFile; fileRef = 61F43D6F16D38CC0008F443C /* MMAppDelegate.m */; };
		61F43D7216D38CC0008F443C /* Default.png in Resources */ = {isa = PBXBuildFile; fileRef = 61F43D7116D38CC0008F443C /* Default.png */; };
		61F43D7416D38CC0008F443C /* Default@2x.png in Resources */ = {isa = PBXBuildFile; fileRef = 61F43D7316D38CC0008F443C /* Default@2x.png */; };
		61F43D7616D38CC0008F443C /* Default-568h@2x.png in Resources */ = {isa = PBXBuildFile; fileRef = 61F43D7516D38CC0008F443C /* Default-568h@2x.png */; };
		61F43D7916D38CC0008F443C /* MMViewController.m in Sources */ = {isa = PBXBuildFile; fileRef = 61F43D7816D38CC0008F443C /* MMViewController.m */; };
		61F43D7C16D38CC0008F443C /* MMViewController.xib in Resources */ = {isa = PBXBuildFile; fileRef = 61F43D7A16D38CC0008F443C /* MMViewController.xib */; };
/* End PBXBuildFile section */

/* Begin PBXFileReference section */
		6110ED3416DF5883008BA70C /* MMCGPathView.h */ = {isa = PBXFileReference; fileEncoding = 4; lastKnownFileType = sourcecode.c.h; path = MMCGPathView.h; sourceTree = "<group>"; };
		6110ED3516DF5883008BA70C /* MMCGPathView.m */ = {isa = PBXFileReference; fileEncoding = 4; lastKnownFileType = sourcecode.c.objc; path = MMCGPathView.m; sourceTree = "<group>"; };
		6110ED3816E4D129008BA70C /* MMCGPathShapeView.h */ = {isa = PBXFileReference; fileEncoding = 4; lastKnownFileType = sourcecode.c.h; path = MMCGPathShapeView.h; sourceTree = "<group>"; };
		6110ED3916E4D12A008BA70C /* MMCGPathShapeView.m */ = {isa = PBXFileReference; fileEncoding = 4; lastKnownFileType = sourcecode.c.objc; path = MMCGPathShapeView.m; sourceTree = "<group>"; };
		6110ED3B16E64233008BA70C /* MMCGPatternView.h */ = {isa = PBXFileReference; fileEncoding = 4; lastKnownFileType = sourcecode.c.h; path = MMCGPatternView.h; sourceTree = "<group>"; };
		6110ED3C16E64234008BA70C /* MMCGPatternView.m */ = {isa = PBXFileReference; fileEncoding = 4; lastKnownFileType = sourcecode.c.objc; path = MMCGPatternView.m; sourceTree = "<group>"; };
		6110ED3E16E751C6008BA70C /* MMCGShadowView.h */ = {isa = PBXFileReference; fileEncoding = 4; lastKnownFileType = sourcecode.c.h; path = MMCGShadowView.h; sourceTree = "<group>"; };
		6110ED3F16E751C6008BA70C /* MMCGShadowView.m */ = {isa = PBXFileReference; fileEncoding = 4; lastKnownFileType = sourcecode.c.objc; path = MMCGShadowView.m; sourceTree = "<group>"; };
		6110ED4116E77128008BA70C /* MMCGGradients.h */ = {isa = PBXFileReference; fileEncoding = 4; lastKnownFileType = sourcecode.c.h; path = MMCGGradients.h; sourceTree = "<group>"; };
		6110ED4216E77128008BA70C /* MMCGGradients.m */ = {isa = PBXFileReference; fileEncoding = 4; lastKnownFileType = sourcecode.c.objc; path = MMCGGradients.m; sourceTree = "<group>"; };
		6110ED4416E8A298008BA70C /* MMCGShading.h */ = {isa = PBXFileReference; fileEncoding = 4; lastKnownFileType = sourcecode.c.h; path = MMCGShading.h; sourceTree = "<group>"; };
		6110ED4516E8A298008BA70C /* MMCGShading.m */ = {isa = PBXFileReference; fileEncoding = 4; lastKnownFileType = sourcecode.c.objc; path = MMCGShading.m; sourceTree = "<group>"; };
		61764C3816D4B700000688A1 /* MMDetailViewController.h */ = {isa = PBXFileReference; fileEncoding = 4; lastKnownFileType = sourcecode.c.h; path = MMDetailViewController.h; sourceTree = "<group>"; };
		61764C3916D4B700000688A1 /* MMDetailViewController.m */ = {isa = PBXFileReference; fileEncoding = 4; lastKnownFileType = sourcecode.c.objc; path = MMDetailViewController.m; sourceTree = "<group>"; };
		61764C3A16D4B700000688A1 /* MMDetailViewController.xib */ = {isa = PBXFileReference; fileEncoding = 4; lastKnownFileType = file.xib; path = MMDetailViewController.xib; sourceTree = "<group>"; };
		61B2DA7516EDC0810002E223 /* MMSuperMario.h */ = {isa = PBXFileReference; fileEncoding = 4; lastKnownFileType = sourcecode.c.h; path = MMSuperMario.h; sourceTree = "<group>"; };
		61B2DA7616EDC0810002E223 /* MMSuperMario.m */ = {isa = PBXFileReference; fileEncoding = 4; lastKnownFileType = sourcecode.c.objc; path = MMSuperMario.m; sourceTree = "<group>"; };
		61BAF7EC16D6593B00D2D6C8 /* MMPathView.h */ = {isa = PBXFileReference; fileEncoding = 4; lastKnownFileType = sourcecode.c.h; path = MMPathView.h; sourceTree = "<group>"; };
		61BAF7ED16D6593B00D2D6C8 /* MMPathView.m */ = {isa = PBXFileReference; fileEncoding = 4; lastKnownFileType = sourcecode.c.objc; path = MMPathView.m; sourceTree = "<group>"; };
		61DFDDBD16DCD93300182329 /* MMDrawingBoardViewController.h */ = {isa = PBXFileReference; fileEncoding = 4; lastKnownFileType = sourcecode.c.h; path = MMDrawingBoardViewController.h; sourceTree = "<group>"; };
		61DFDDBE16DCD93300182329 /* MMDrawingBoardViewController.m */ = {isa = PBXFileReference; fileEncoding = 4; lastKnownFileType = sourcecode.c.objc; path = MMDrawingBoardViewController.m; sourceTree = "<group>"; };
		61DFDDBF16DCD93300182329 /* MMDrawingBoardViewController.xib */ = {isa = PBXFileReference; fileEncoding = 4; lastKnownFileType = file.xib; path = MMDrawingBoardViewController.xib; sourceTree = "<group>"; };
		61DFDDC316DCDF6500182329 /* MMPathShapeView.h */ = {isa = PBXFileReference; fileEncoding = 4; lastKnownFileType = sourcecode.c.h; path = MMPathShapeView.h; sourceTree = "<group>"; };
		61DFDDC416DCDF6500182329 /* MMPathShapeView.m */ = {isa = PBXFileReference; fileEncoding = 4; lastKnownFileType = sourcecode.c.objc; path = MMPathShapeView.m; sourceTree = "<group>"; };
		61F43D5C16D38CC0008F443C /* CGCACookBook.app */ = {isa = PBXFileReference; explicitFileType = wrapper.application; includeInIndex = 0; path = CGCACookBook.app; sourceTree = BUILT_PRODUCTS_DIR; };
		61F43D5F16D38CC0008F443C /* UIKit.framework */ = {isa = PBXFileReference; lastKnownFileType = wrapper.framework; name = UIKit.framework; path = System/Library/Frameworks/UIKit.framework; sourceTree = SDKROOT; };
		61F43D6116D38CC0008F443C /* Foundation.framework */ = {isa = PBXFileReference; lastKnownFileType = wrapper.framework; name = Foundation.framework; path = System/Library/Frameworks/Foundation.framework; sourceTree = SDKROOT; };
		61F43D6316D38CC0008F443C /* CoreGraphics.framework */ = {isa = PBXFileReference; lastKnownFileType = wrapper.framework; name = CoreGraphics.framework; path = System/Library/Frameworks/CoreGraphics.framework; sourceTree = SDKROOT; };
		61F43D6716D38CC0008F443C /* CGCACookBook-Info.plist */ = {isa = PBXFileReference; lastKnownFileType = text.plist.xml; path = "CGCACookBook-Info.plist"; sourceTree = "<group>"; };
		61F43D6916D38CC0008F443C /* en */ = {isa = PBXFileReference; lastKnownFileType = text.plist.strings; name = en; path = en.lproj/InfoPlist.strings; sourceTree = "<group>"; };
		61F43D6B16D38CC0008F443C /* main.m */ = {isa = PBXFileReference; lastKnownFileType = sourcecode.c.objc; path = main.m; sourceTree = "<group>"; };
		61F43D6D16D38CC0008F443C /* CGCACookBook-Prefix.pch */ = {isa = PBXFileReference; lastKnownFileType = sourcecode.c.h; path = "CGCACookBook-Prefix.pch"; sourceTree = "<group>"; };
		61F43D6E16D38CC0008F443C /* MMAppDelegate.h */ = {isa = PBXFileReference; lastKnownFileType = sourcecode.c.h; path = MMAppDelegate.h; sourceTree = "<group>"; };
		61F43D6F16D38CC0008F443C /* MMAppDelegate.m */ = {isa = PBXFileReference; lastKnownFileType = sourcecode.c.objc; path = MMAppDelegate.m; sourceTree = "<group>"; };
		61F43D7116D38CC0008F443C /* Default.png */ = {isa = PBXFileReference; lastKnownFileType = image.png; path = Default.png; sourceTree = "<group>"; };
		61F43D7316D38CC0008F443C /* Default@2x.png */ = {isa = PBXFileReference; lastKnownFileType = image.png; path = "Default@2x.png"; sourceTree = "<group>"; };
		61F43D7516D38CC0008F443C /* Default-568h@2x.png */ = {isa = PBXFileReference; lastKnownFileType = image.png; path = "Default-568h@2x.png"; sourceTree = "<group>"; };
		61F43D7716D38CC0008F443C /* MMViewController.h */ = {isa = PBXFileReference; lastKnownFileType = sourcecode.c.h; path = MMViewController.h; sourceTree = "<group>"; };
		61F43D7816D38CC0008F443C /* MMViewController.m */ = {isa = PBXFileReference; lastKnownFileType = sourcecode.c.objc; path = MMViewController.m; sourceTree = "<group>"; };
		61F43D7B16D38CC0008F443C /* en */ = {isa = PBXFileReference; lastKnownFileType = file.xib; name = en; path = en.lproj/MMViewController.xib; sourceTree = "<group>"; };
/* End PBXFileReference section */

/* Begin PBXFrameworksBuildPhase section */
		61F43D5916D38CC0008F443C /* Frameworks */ = {
			isa = PBXFrameworksBuildPhase;
			buildActionMask = 2147483647;
			files = (
				61F43D6016D38CC0008F443C /* UIKit.framework in Frameworks */,
				61F43D6216D38CC0008F443C /* Foundation.framework in Frameworks */,
				61F43D6416D38CC0008F443C /* CoreGraphics.framework in Frameworks */,
			);
			runOnlyForDeploymentPostprocessing = 0;
		};
/* End PBXFrameworksBuildPhase section */

/* Begin PBXGroup section */
		61BAF7EB16D6592400D2D6C8 /* Views */ = {
			isa = PBXGroup;
			children = (
				61DFDDC216DCDF3300182329 /* CoreGraphics */,
			);
			name = Views;
			sourceTree = "<group>";
		};
		61C3849C16EE0C8300BB53FC /* SuperMario */ = {
			isa = PBXGroup;
			children = (
				61B2DA7516EDC0810002E223 /* MMSuperMario.h */,
				61B2DA7616EDC0810002E223 /* MMSuperMario.m */,
			);
			name = SuperMario;
			sourceTree = "<group>";
		};
		61DFDDC216DCDF3300182329 /* CoreGraphics */ = {
			isa = PBXGroup;
			children = (
				61C3849C16EE0C8300BB53FC /* SuperMario */,
				61BAF7EC16D6593B00D2D6C8 /* MMPathView.h */,
				61BAF7ED16D6593B00D2D6C8 /* MMPathView.m */,
				61DFDDC316DCDF6500182329 /* MMPathShapeView.h */,
				61DFDDC416DCDF6500182329 /* MMPathShapeView.m */,
				6110ED3416DF5883008BA70C /* MMCGPathView.h */,
				6110ED3516DF5883008BA70C /* MMCGPathView.m */,
				6110ED3816E4D129008BA70C /* MMCGPathShapeView.h */,
				6110ED3916E4D12A008BA70C /* MMCGPathShapeView.m */,
				6110ED3B16E64233008BA70C /* MMCGPatternView.h */,
				6110ED3C16E64234008BA70C /* MMCGPatternView.m */,
				6110ED3E16E751C6008BA70C /* MMCGShadowView.h */,
				6110ED3F16E751C6008BA70C /* MMCGShadowView.m */,
				6110ED4116E77128008BA70C /* MMCGGradients.h */,
				6110ED4216E77128008BA70C /* MMCGGradients.m */,
				6110ED4416E8A298008BA70C /* MMCGShading.h */,
				6110ED4516E8A298008BA70C /* MMCGShading.m */,
			);
			name = CoreGraphics;
			sourceTree = "<group>";
		};
		61F43D5316D38CC0008F443C = {
			isa = PBXGroup;
			children = (
				61F43D6516D38CC0008F443C /* CGCACookBook */,
				61F43D5E16D38CC0008F443C /* Frameworks */,
				61F43D5D16D38CC0008F443C /* Products */,
			);
			sourceTree = "<group>";
		};
		61F43D5D16D38CC0008F443C /* Products */ = {
			isa = PBXGroup;
			children = (
				61F43D5C16D38CC0008F443C /* CGCACookBook.app */,
			);
			name = Products;
			sourceTree = "<group>";
		};
		61F43D5E16D38CC0008F443C /* Frameworks */ = {
			isa = PBXGroup;
			children = (
				61F43D5F16D38CC0008F443C /* UIKit.framework */,
				61F43D6116D38CC0008F443C /* Foundation.framework */,
				61F43D6316D38CC0008F443C /* CoreGraphics.framework */,
			);
			name = Frameworks;
			sourceTree = "<group>";
		};
		61F43D6516D38CC0008F443C /* CGCACookBook */ = {
			isa = PBXGroup;
			children = (
				61BAF7EB16D6592400D2D6C8 /* Views */,
				61F43D6E16D38CC0008F443C /* MMAppDelegate.h */,
				61F43D6F16D38CC0008F443C /* MMAppDelegate.m */,
				61F43D7716D38CC0008F443C /* MMViewController.h */,
				61F43D7816D38CC0008F443C /* MMViewController.m */,
				61F43D7A16D38CC0008F443C /* MMViewController.xib */,
				61F43D6616D38CC0008F443C /* Supporting Files */,
				61764C3816D4B700000688A1 /* MMDetailViewController.h */,
				61764C3916D4B700000688A1 /* MMDetailViewController.m */,
				61764C3A16D4B700000688A1 /* MMDetailViewController.xib */,
				61DFDDBD16DCD93300182329 /* MMDrawingBoardViewController.h */,
				61DFDDBE16DCD93300182329 /* MMDrawingBoardViewController.m */,
				61DFDDBF16DCD93300182329 /* MMDrawingBoardViewController.xib */,
			);
			path = CGCACookBook;
			sourceTree = "<group>";
		};
		61F43D6616D38CC0008F443C /* Supporting Files */ = {
			isa = PBXGroup;
			children = (
				61F43D6716D38CC0008F443C /* CGCACookBook-Info.plist */,
				61F43D6816D38CC0008F443C /* InfoPlist.strings */,
				61F43D6B16D38CC0008F443C /* main.m */,
				61F43D6D16D38CC0008F443C /* CGCACookBook-Prefix.pch */,
				61F43D7116D38CC0008F443C /* Default.png */,
				61F43D7316D38CC0008F443C /* Default@2x.png */,
				61F43D7516D38CC0008F443C /* Default-568h@2x.png */,
			);
			name = "Supporting Files";
			sourceTree = "<group>";
		};
/* End PBXGroup section */

/* Begin PBXNativeTarget section */
		61F43D5B16D38CC0008F443C /* CGCACookBook */ = {
			isa = PBXNativeTarget;
			buildConfigurationList = 61F43D7F16D38CC0008F443C /* Build configuration list for PBXNativeTarget "CGCACookBook" */;
			buildPhases = (
				61F43D5816D38CC0008F443C /* Sources */,
				61F43D5916D38CC0008F443C /* Frameworks */,
				61F43D5A16D38CC0008F443C /* Resources */,
			);
			buildRules = (
			);
			dependencies = (
			);
			name = CGCACookBook;
			productName = CGCACookBook;
			productReference = 61F43D5C16D38CC0008F443C /* CGCACookBook.app */;
			productType = "com.apple.product-type.application";
		};
/* End PBXNativeTarget section */

/* Begin PBXProject section */
		61F43D5416D38CC0008F443C /* Project object */ = {
			isa = PBXProject;
			attributes = {
				CLASSPREFIX = MM;
				LastUpgradeCheck = 0460;
				ORGANIZATIONNAME = "Mohammad Abdurraafay";
			};
			buildConfigurationList = 61F43D5716D38CC0008F443C /* Build configuration list for PBXProject "CGCACookBook" */;
			compatibilityVersion = "Xcode 3.2";
			developmentRegion = English;
			hasScannedForEncodings = 0;
			knownRegions = (
				en,
			);
			mainGroup = 61F43D5316D38CC0008F443C;
			productRefGroup = 61F43D5D16D38CC0008F443C /* Products */;
			projectDirPath = "";
			projectRoot = "";
			targets = (
				61F43D5B16D38CC0008F443C /* CGCACookBook */,
			);
		};
/* End PBXProject section */

/* Begin PBXResourcesBuildPhase section */
		61F43D5A16D38CC0008F443C /* Resources */ = {
			isa = PBXResourcesBuildPhase;
			buildActionMask = 2147483647;
			files = (
				61F43D6A16D38CC0008F443C /* InfoPlist.strings in Resources */,
				61F43D7216D38CC0008F443C /* Default.png in Resources */,
				61F43D7416D38CC0008F443C /* Default@2x.png in Resources */,
				61F43D7616D38CC0008F443C /* Default-568h@2x.png in Resources */,
				61F43D7C16D38CC0008F443C /* MMViewController.xib in Resources */,
				61764C3C16D4B700000688A1 /* MMDetailViewController.xib in Resources */,
				61DFDDC116DCD93300182329 /* MMDrawingBoardViewController.xib in Resources */,
			);
			runOnlyForDeploymentPostprocessing = 0;
		};
/* End PBXResourcesBuildPhase section */

/* Begin PBXSourcesBuildPhase section */
		61F43D5816D38CC0008F443C /* Sources */ = {
			isa = PBXSourcesBuildPhase;
			buildActionMask = 2147483647;
			files = (
				61F43D6C16D38CC0008F443C /* main.m in Sources */,
				61F43D7016D38CC0008F443C /* MMAppDelegate.m in Sources */,
				61F43D7916D38CC0008F443C /* MMViewController.m in Sources */,
				61764C3B16D4B700000688A1 /* MMDetailViewController.m in Sources */,
				61BAF7EE16D6593B00D2D6C8 /* MMPathView.m in Sources */,
				61DFDDC016DCD93300182329 /* MMDrawingBoardViewController.m in Sources */,
				61DFDDC516DCDF6500182329 /* MMPathShapeView.m in Sources */,
				6110ED3616DF5883008BA70C /* MMCGPathView.m in Sources */,
				6110ED3A16E4D12A008BA70C /* MMCGPathShapeView.m in Sources */,
				6110ED3D16E64234008BA70C /* MMCGPatternView.m in Sources */,
				6110ED4016E751C7008BA70C /* MMCGShadowView.m in Sources */,
				6110ED4316E77129008BA70C /* MMCGGradients.m in Sources */,
				6110ED4616E8A29A008BA70C /* MMCGShading.m in Sources */,
				61B2DA7716EDC0810002E223 /* MMSuperMario.m in Sources */,
			);
			runOnlyForDeploymentPostprocessing = 0;
		};
/* End PBXSourcesBuildPhase section */

/* Begin PBXVariantGroup section */
		61F43D6816D38CC0008F443C /* InfoPlist.strings */ = {
			isa = PBXVariantGroup;
			children = (
				61F43D6916D38CC0008F443C /* en */,
			);
			name = InfoPlist.strings;
			sourceTree = "<group>";
		};
		61F43D7A16D38CC0008F443C /* MMViewController.xib */ = {
			isa = PBXVariantGroup;
			children = (
				61F43D7B16D38CC0008F443C /* en */,
			);
			name = MMViewController.xib;
			sourceTree = "<group>";
		};
/* End PBXVariantGroup section */

/* Begin XCBuildConfiguration section */
		61F43D7D16D38CC0008F443C /* Debug */ = {
			isa = XCBuildConfiguration;
			buildSettings = {
				ALWAYS_SEARCH_USER_PATHS = NO;
				CLANG_CXX_LANGUAGE_STANDARD = "gnu++0x";
				CLANG_CXX_LIBRARY = "libc++";
				CLANG_ENABLE_OBJC_ARC = YES;
				CLANG_WARN_CONSTANT_CONVERSION = YES;
				CLANG_WARN_EMPTY_BODY = YES;
				CLANG_WARN_ENUM_CONVERSION = YES;
				CLANG_WARN_INT_CONVERSION = YES;
				CLANG_WARN__DUPLICATE_METHOD_MATCH = YES;
				"CODE_SIGN_IDENTITY[sdk=iphoneos*]" = "iPhone Developer";
				COPY_PHASE_STRIP = NO;
				GCC_C_LANGUAGE_STANDARD = gnu99;
				GCC_DYNAMIC_NO_PIC = NO;
				GCC_OPTIMIZATION_LEVEL = 0;
				GCC_PREPROCESSOR_DEFINITIONS = (
					"DEBUG=1",
					"$(inherited)",
				);
				GCC_SYMBOLS_PRIVATE_EXTERN = NO;
				GCC_WARN_ABOUT_RETURN_TYPE = YES;
				GCC_WARN_UNINITIALIZED_AUTOS = YES;
				GCC_WARN_UNUSED_VARIABLE = YES;
				IPHONEOS_DEPLOYMENT_TARGET = 6.1;
				ONLY_ACTIVE_ARCH = YES;
				SDKROOT = iphoneos;
			};
			name = Debug;
		};
		61F43D7E16D38CC0008F443C /* Release */ = {
			isa = XCBuildConfiguration;
			buildSettings = {
				ALWAYS_SEARCH_USER_PATHS = NO;
				CLANG_CXX_LANGUAGE_STANDARD = "gnu++0x";
				CLANG_CXX_LIBRARY = "libc++";
				CLANG_ENABLE_OBJC_ARC = YES;
				CLANG_WARN_CONSTANT_CONVERSION = YES;
				CLANG_WARN_EMPTY_BODY = YES;
				CLANG_WARN_ENUM_CONVERSION = YES;
				CLANG_WARN_INT_CONVERSION = YES;
				CLANG_WARN__DUPLICATE_METHOD_MATCH = YES;
				"CODE_SIGN_IDENTITY[sdk=iphoneos*]" = "iPhone Developer";
				COPY_PHASE_STRIP = YES;
				GCC_C_LANGUAGE_STANDARD = gnu99;
				GCC_WARN_ABOUT_RETURN_TYPE = YES;
				GCC_WARN_UNINITIALIZED_AUTOS = YES;
				GCC_WARN_UNUSED_VARIABLE = YES;
				IPHONEOS_DEPLOYMENT_TARGET = 6.1;
				OTHER_CFLAGS = "-DNS_BLOCK_ASSERTIONS=1";
				SDKROOT = iphoneos;
				VALIDATE_PRODUCT = YES;
			};
			name = Release;
		};
		61F43D8016D38CC0008F443C /* Debug */ = {
			isa = XCBuildConfiguration;
			buildSettings = {
				GCC_PRECOMPILE_PREFIX_HEADER = YES;
				GCC_PREFIX_HEADER = "CGCACookBook/CGCACookBook-Prefix.pch";
				INFOPLIST_FILE = "CGCACookBook/CGCACookBook-Info.plist";
				PRODUCT_NAME = "$(TARGET_NAME)";
				WRAPPER_EXTENSION = app;
			};
			name = Debug;
		};
		61F43D8116D38CC0008F443C /* Release */ = {
			isa = XCBuildConfiguration;
			buildSettings = {
				GCC_PRECOMPILE_PREFIX_HEADER = YES;
				GCC_PREFIX_HEADER = "CGCACookBook/CGCACookBook-Prefix.pch";
				INFOPLIST_FILE = "CGCACookBook/CGCACookBook-Info.plist";
				PRODUCT_NAME = "$(TARGET_NAME)";
				WRAPPER_EXTENSION = app;
			};
			name = Release;
		};
/* End XCBuildConfiguration section */

/* Begin XCConfigurationList section */
		61F43D5716D38CC0008F443C /* Build configuration list for PBXProject "CGCACookBook" */ = {
			isa = XCConfigurationList;
			buildConfigurations = (
				61F43D7D16D38CC0008F443C /* Debug */,
				61F43D7E16D38CC0008F443C /* Release */,
			);
			defaultConfigurationIsVisible = 0;
			defaultConfigurationName = Release;
		};
		61F43D7F16D38CC0008F443C /* Build configuration list for PBXNativeTarget "CGCACookBook" */ = {
			isa = XCConfigurationList;
			buildConfigurations = (
				61F43D8016D38CC0008F443C /* Debug */,
				61F43D8116D38CC0008F443C /* Release */,
			);
			defaultConfigurationIsVisible = 0;
			defaultConfigurationName = Release;
		};
/* End XCConfigurationList section */
	};
	rootObject = 61F43D5416D38CC0008F443C /* Project object */;
}
